{
    "_meta": {
        "hash": {
            "sha256": "361ec66ec58a3525156d7923ff8e663650ad9c8bd2e4d474784f0773276a094b"
        },
        "pipfile-spec": 6,
        "requires": {
            "python_version": "3.7"
        },
        "sources": [
            {
                "name": "pypi",
                "url": "https://pypi.org/simple",
                "verify_ssl": true
            }
        ]
    },
    "default": {
        "appdirs": {
            "hashes": [
                "sha256:9e5896d1372858f8dd3344faf4e5014d21849c756c8d5701f78f8a103b372d92",
                "sha256:d8b24664561d0d34ddfaec54636d502d7cea6e29c3eaf68f3df6180863e2166e"
            ],
            "version": "==1.4.3"
        },
        "aspy.yaml": {
            "hashes": [
                "sha256:ae249074803e8b957c83fdd82a99160d0d6d26dff9ba81ba608b42eebd7d8cd3",
                "sha256:c7390d79f58eb9157406966201abf26da0d56c07e0ff0deadc39c8f4dbc13482"
            ],
            "version": "==1.2.0"
        },
        "attrs": {
            "hashes": [
                "sha256:69c0dbf2ed392de1cb5ec704444b08a5ef81680a61cb899dc08127123af36a79",
                "sha256:f0b870f674851ecbfbbbd364d6b5cbdff9dcedbc7f3f5e18a6891057f21fe399"
            ],
            "version": "==19.1.0"
        },
        "beautifulsoup4": {
            "hashes": [
                "sha256:034740f6cb549b4e932ae1ab975581e6103ac8f942200a0e9759065984391858",
                "sha256:945065979fb8529dd2f37dbb58f00b661bdbcbebf954f93b32fdf5263ef35348",
                "sha256:ba6d5c59906a85ac23dadfe5c88deaf3e179ef565f4898671253e50a78680718"
            ],
            "index": "pypi",
            "version": "==4.7.1"
        },
        "black": {
            "hashes": [
                "sha256:22158b89c1a6b4eb333a1e65e791a3f8b998cf3b11ae094adb2570f31f769a44",
                "sha256:4b475bbd528acce094c503a3d2dbc2d05a4075f6d0ef7d9e7514518e14cc5191"
            ],
            "index": "pypi",
            "version": "==18.6b4"
        },
        "certifi": {
            "hashes": [
                "sha256:59b7658e26ca9c7339e00f8f4636cdfe59d34fa37b9b04f6f9e9926b3cece1a5",
                "sha256:b26104d6835d1f5e49452a26eb2ff87fe7090b89dfcaee5ea2212697e1e1d7ae"
            ],
            "version": "==2019.3.9"
        },
        "cfgv": {
            "hashes": [
                "sha256:6e9f2feea5e84bc71e56abd703140d7a2c250fc5ba38b8702fd6a68ed4e3b2ef",
                "sha256:e7f186d4a36c099a9e20b04ac3108bd8bb9b9257e692ce18c8c3764d5cb12172"
            ],
            "version": "==1.6.0"
        },
        "chardet": {
            "hashes": [
                "sha256:84ab92ed1c4d4f16916e05906b6b75a6c0fb5db821cc65e70cbd64a3e2a5eaae",
                "sha256:fc323ffcaeaed0e0a02bf4d117757b98aed530d9ed4531e3e15460124c106691"
            ],
            "version": "==3.0.4"
        },
        "click": {
            "hashes": [
                "sha256:2335065e6395b9e67ca716de5f7526736bfa6ceead690adf616d925bdc622b13",
                "sha256:5b94b49521f6456670fdb30cd82a4eca9412788a93fa6dd6df72c94d5a8ff2d7"
            ],
            "version": "==7.0"
        },
        "codespell": {
            "hashes": [
                "sha256:b1b60867773ffc5643a3724b62d12fe6797aa735831733f8a45f6d28db5ef34f"
            ],
            "index": "pypi",
            "version": "==1.14.0"
        },
        "docopt": {
            "hashes": [
                "sha256:49b3a825280bd66b3aa83585ef59c4a8c82f2c8a522dbe754a8bc8d08c85c491"
            ],
            "version": "==0.6.2"
        },
        "entrypoints": {
            "hashes": [
                "sha256:589f874b313739ad35be6e0cd7efde2a4e9b6fea91edcc34e58ecbb8dbe56d19",
                "sha256:c70dd71abe5a8c85e55e12c19bd91ccfeec11a6e99044204511f9ed547d48451"
            ],
            "version": "==0.3"
        },
        "flake8": {
            "hashes": [
                "sha256:859996073f341f2670741b51ec1e67a01da142831aa1fdc6242dbf88dffbe661",
                "sha256:a796a115208f5c03b18f332f7c11729812c8c3ded6c46319c59b53efd3819da8"
            ],
            "index": "pypi",
            "version": "==3.7.7"
        },
        "flake8-assertive": {
            "hashes": [
                "sha256:6894b1069560635a6dc48505c0f8bf9b189fc227862670258c9f687fdffc52f2",
                "sha256:ca51b155a968fb65193d8ddfce76250b809d379e7026b6ba819eb37bf04d5fe1"
            ],
            "index": "pypi",
            "version": "==1.0.1"
        },
        "flake8-blind-except": {
            "hashes": [
                "sha256:aca3356633825544cec51997260fe31a8f24a1a2795ce8e81696b9916745e599"
            ],
            "index": "pypi",
            "version": "==0.1.1"
        },
        "flake8-bugbear": {
            "hashes": [
                "sha256:5070774b668be92c4312e5ca82748ddf4ecaa7a24ff062662681bb745c7896eb",
                "sha256:fef9c9826d14ec23187ae1edeb3c6513c4e46bf0e70d86bac38f7d9aabae113d"
            ],
            "index": "pypi",
            "version": "==19.3.0"
        },
        "flake8-builtins": {
            "hashes": [
                "sha256:8d806360767947c0035feada4ddef3ede32f0a586ef457e62d811b8456ad9a51",
                "sha256:cd7b1b7fec4905386a3643b59f9ca8e305768da14a49a7efb31fe9364f33cd04"
            ],
            "index": "pypi",
            "version": "==1.4.1"
        },
        "flake8-comprehensions": {
            "hashes": [
                "sha256:35f826956e87f230415cde9c3b8b454e785736cf5ff0be551c441b41b937f699",
                "sha256:f0b61d983d608790abf3664830d68efd3412265c2d10f6a4ba1a353274dbeb64"
            ],
            "index": "pypi",
            "version": "==2.1.0"
        },
        "flake8-debugger": {
            "hashes": [
                "sha256:be4fb88de3ee8f6dd5053a2d347e2c0a2b54bab6733a2280bb20ebd3c4ca1d97"
            ],
            "index": "pypi",
            "version": "==3.1.0"
        },
        "flake8-deprecated": {
            "hashes": [
                "sha256:211951854837ced9ec997a75c6e5b957f3536a735538ee0620b76539fd3706cd",
                "sha256:9fa5a0c5c81fb3b34c53a0e4f16cd3f0a3395078cfd4988011cbab5fb0afa7f7"
            ],
            "index": "pypi",
            "version": "==1.3"
        },
        "flake8-docstrings": {
            "hashes": [
                "sha256:4e0ce1476b64e6291520e5570cf12b05016dd4e8ae454b8a8a9a48bc5f84e1cd",
                "sha256:8436396b5ecad51a122a2c99ba26e5b4e623bf6e913b0fea0cb6c2c4050f91eb"
            ],
            "index": "pypi",
            "version": "==1.3.0"
        },
        "flake8-isort": {
            "hashes": [
                "sha256:1e67b6b90a9b980ac3ff73782087752d406ce0a729ed928b92797f9fa188917e",
                "sha256:81a8495eefed3f2f63f26cd2d766c7b1191e923a15b9106e6233724056572c68"
            ],
            "index": "pypi",
            "version": "==2.7.0"
        },
        "flake8-mock": {
            "hashes": [
                "sha256:2fa775e7589f4e1ad74f35d60953eb20937f5d7355235e54bf852c6837f2bede"
            ],
            "index": "pypi",
            "version": "==0.3"
        },
        "flake8-mutable": {
            "hashes": [
                "sha256:38fd9dadcbcda6550a916197bc40ed76908119dabb37fbcca30873666c31d2d5",
                "sha256:ee9b77111b867d845177bbc289d87d541445ffcc6029a0c5c65865b42b18c6a6"
            ],
            "index": "pypi",
            "version": "==1.2.0"
        },
        "flake8-plone-hasattr": {
            "hashes": [
                "sha256:cfabd900e3ac68c47f46e4fa82e5db23463ceb954fc91e2a3b209f3c810e0c3f",
                "sha256:f72ef91a47de847f80749a3668aad89fb23f0e6dcf93a1100b0e909b9e378ec6"
            ],
            "index": "pypi",
            "version": "==0.2.post0"
        },
        "flake8-polyfill": {
            "hashes": [
                "sha256:12be6a34ee3ab795b19ca73505e7b55826d5f6ad7230d31b18e106400169b9e9",
                "sha256:e44b087597f6da52ec6393a709e7108b2905317d0c0b744cdca6208e670d8eda"
            ],
            "version": "==1.0.2"
        },
        "flake8-self": {
            "hashes": [
                "sha256:9268faf434c7a132beec28574d9e9258f2040a886530aff31e5c8a2436904df2"
            ],
            "index": "pypi",
            "version": "==0.2.2"
        },
        "flake8-super-call": {
            "hashes": [
                "sha256:0486ebfb24e3bf104b1c1d7f823a51ebcefb3a26108b25cb3129a9e8a57ef145",
                "sha256:61cfcd0c8ad78e1cf1f4d1225cb7513666ab9c5a9900a238b2c4abee8ad9a7de"
            ],
            "index": "pypi",
            "version": "==1.0.0"
        },
        "flake8-tuple": {
            "hashes": [
                "sha256:81b16bc753616d7940275951f69db4cd8c6afafca00eb5767942215c9e455075"
            ],
            "index": "pypi",
            "version": "==0.3.1"
        },
        "html-linter": {
            "hashes": [
                "sha256:342dad677f2fc810a2562fde0959046ed0d8fa1387bd9e085869e908c1941191"
            ],
            "index": "pypi",
            "version": "==0.4.0"
        },
        "identify": {
            "hashes": [
                "sha256:443f419ca6160773cbaf22dbb302b1e436a386f23129dbb5482b68a147c2eca9",
                "sha256:bd7f15fe07112b713fb68fbdde3a34dd774d9062128f2c398104889f783f989d"
            ],
            "version": "==1.4.2"
        },
        "idna": {
            "hashes": [
                "sha256:c357b3f628cf53ae2c4c05627ecc484553142ca23264e593d327bcde5e9c3407",
                "sha256:ea8b7f6188e6fa117537c3df7da9fc686d485087abf6ac197f9c46432f7e4a3c"
            ],
            "version": "==2.8"
        },
        "importlib-metadata": {
            "hashes": [
                "sha256:408598615665eb2cfc0de15b331aca61c28fe9acac94ea8a82661b60a78bbef4",
                "sha256:c36d2fd992bf92ad77fb2d124f8f112f5a4c8bc3fbe28a40545c1a7e3f578850"
            ],
            "version": "==0.10"
        },
        "isort": {
            "hashes": [
                "sha256:1349c6f7c2a0f7539f5f2ace51a9a8e4a37086ce4de6f78f5f53fb041d0a3cd5",
                "sha256:f09911f6eb114e5592abe635aded8bf3d2c3144ebcfcaf81ee32e7af7b7d1870"
            ],
            "version": "==4.3.18"
        },
        "mccabe": {
            "hashes": [
                "sha256:ab8a6258860da4b6677da4bd2fe5dc2c659cff31b3ee4f7f5d64e79735b80d42",
                "sha256:dd8d182285a0fe56bace7f45b5e7d1a6ebcbf524e8f3bd87eb0f125271b8831f"
            ],
            "version": "==0.6.1"
        },
        "mypy": {
            "hashes": [
                "sha256:2afe51527b1f6cdc4a5f34fc90473109b22bf7f21086ba3e9451857cf11489e6",
                "sha256:56a16df3e0abb145d8accd5dbb70eba6c4bd26e2f89042b491faa78c9635d1e2",
                "sha256:5764f10d27b2e93c84f70af5778941b8f4aa1379b2430f85c827e0f5464e8714",
                "sha256:5bbc86374f04a3aa817622f98e40375ccb28c4836f36b66706cf3c6ccce86eda",
                "sha256:6a9343089f6377e71e20ca734cd8e7ac25d36478a9df580efabfe9059819bf82",
                "sha256:6c9851bc4a23dc1d854d3f5dfd5f20a016f8da86bcdbb42687879bb5f86434b0",
                "sha256:b8e85956af3fcf043d6f87c91cbe8705073fc67029ba6e22d3468bfee42c4823",
                "sha256:b9a0af8fae490306bc112229000aa0c2ccc837b49d29a5c42e088c132a2334dd",
                "sha256:bbf643528e2a55df2c1587008d6e3bda5c0445f1240dfa85129af22ae16d7a9a",
                "sha256:c46ab3438bd21511db0f2c612d89d8344154c0c9494afc7fbc932de514cf8d15",
                "sha256:f7a83d6bd805855ef83ec605eb01ab4fa42bcef254b13631e451cbb44914a9b0"
            ],
            "index": "pypi",
            "version": "==0.701"
        },
        "mypy-extensions": {
            "hashes": [
                "sha256:37e0e956f41369209a3d5f34580150bcacfabaa57b33a15c0b25f4b5725e0812",
                "sha256:b16cabe759f55e3409a7d231ebd2841378fb0c27a5d1994719e340e4f429ac3e"
            ],
            "version": "==0.4.1"
        },
        "nodeenv": {
            "hashes": [
                "sha256:ad8259494cf1c9034539f6cced78a1da4840a4b157e23640bc4a0c0546b0cb7a"
            ],
            "version": "==1.3.3"
        },
        "pre-commit": {
            "hashes": [
                "sha256:6ca409d1f22d444af427fb023a33ca8b69625d508a50e1b7eaabd59247c93043",
                "sha256:94dd519597f5bff06a4b0df194a79c524b78f4b1534c1ce63241a9d4fb23b926"
            ],
            "index": "pypi",
            "version": "==1.16.1"
        },
        "pre-commit-hooks": {
            "hashes": [
                "sha256:bf596837a2185819c3024cc9bdc367162624c2256930ccb52bc6ad7554f17af2",
                "sha256:fa51a4e64180b44b7bffbc9d7961192f48f532c78d95573da0151299c8760c6d"
            ],
            "index": "pypi",
            "version": "==2.2.1"
        },
        "pycodestyle": {
            "hashes": [
                "sha256:95a2219d12372f05704562a14ec30bc76b05a5b297b21a5dfe3f6fac3491ae56",
                "sha256:e40a936c9a450ad81df37f549d676d127b1b66000a6c500caa2b085bc0ca976c"
            ],
            "version": "==2.5.0"
        },
        "pydocstyle": {
            "hashes": [
                "sha256:2258f9b0df68b97bf3a6c29003edc5238ff8879f1efb6f1999988d934e432bd8",
                "sha256:5741c85e408f9e0ddf873611085e819b809fca90b619f5fd7f34bd4959da3dd4",
                "sha256:ed79d4ec5e92655eccc21eb0c6cf512e69512b4a97d215ace46d17e4990f2039"
            ],
            "version": "==3.0.0"
        },
        "pyflakes": {
            "hashes": [
                "sha256:17dbeb2e3f4d772725c777fabc446d5634d1038f234e77343108ce445ea69ce0",
                "sha256:d976835886f8c5b31d47970ed689944a0262b5f3afa00a5a7b4dc81e5449f8a2"
            ],
            "version": "==2.1.1"
        },
        "python-dateutil": {
            "hashes": [
                "sha256:7e6584c74aeed623791615e26efd690f29817a27c73085b78e4bad02493df2fb",
                "sha256:c89805f6f4d64db21ed966fda138f8a5ed7a4fdbc1a8ee329ce1b74e3c74da9e"
            ],
            "version": "==2.8.0"
        },
        "pyyaml": {
            "hashes": [
                "sha256:1adecc22f88d38052fb787d959f003811ca858b799590a5eaa70e63dca50308c",
                "sha256:436bc774ecf7c103814098159fbb84c2715d25980175292c648f2da143909f95",
                "sha256:460a5a4248763f6f37ea225d19d5c205677d8d525f6a83357ca622ed541830c2",
                "sha256:5a22a9c84653debfbf198d02fe592c176ea548cccce47553f35f466e15cf2fd4",
                "sha256:7a5d3f26b89d688db27822343dfa25c599627bc92093e788956372285c6298ad",
                "sha256:9372b04a02080752d9e6f990179a4ab840227c6e2ce15b95e1278456664cf2ba",
                "sha256:a5dcbebee834eaddf3fa7366316b880ff4062e4bcc9787b78c7fbb4a26ff2dd1",
                "sha256:aee5bab92a176e7cd034e57f46e9df9a9862a71f8f37cad167c6fc74c65f5b4e",
                "sha256:c51f642898c0bacd335fc119da60baae0824f2cde95b0330b56c0553439f0673",
                "sha256:c68ea4d3ba1705da1e0d85da6684ac657912679a649e8868bd850d2c299cce13",
                "sha256:e23d0cc5299223dcc37885dae624f382297717e459ea24053709675a976a3e19"
            ],
            "version": "==5.1"
        },
        "requests": {
            "hashes": [
                "sha256:502a824f31acdacb3a35b6690b5fbf0bc41d63a24a45c4004352b0242707598e",
                "sha256:7bf2a778576d825600030a110f3c0e3e8edc51dfaafe1c146e39a2027784957b"
            ],
            "index": "pypi",
            "version": "==2.21.0"
        },
        "ruamel.yaml": {
            "hashes": [
                "sha256:0939bcb399ad037ef903d74ccf2f8a074f06683bc89133ad19305067d34487c8",
                "sha256:119cb8997d65e610de0bfd39b7f89ddfc670c43a5dbec3049b85c7457a027cac",
                "sha256:18c0043e32a5f39c60a915015c553f90b367d34ef1b89a3a1e77baa00afec2eb",
                "sha256:18c9ec539f8d5a07f5bdc15e41fe13c89d420d3136bbba53a36491c4d544345e",
                "sha256:1f1ba73e1d3f1ea74ba687800fd55c3970ea2eff360a3529cb599db41af6ae5a",
                "sha256:226f2f42770b8a50009ac0a386b158f24e642f487c981794aed59fdb5cfd232b",
                "sha256:2ac8f8cab59c1e0ae7fa952a0e62e6e1b61cd6bef25a542b2ef923e38cc5819c",
                "sha256:2b344ab595fe7ed7480b647cd6e6588580f147a62fbfe00fbf72e292f543390d",
                "sha256:34e09b287d2ef5227b7a1ebaa2daa7ef9ff662542046c25b9c65c240e0ce3f8d",
                "sha256:367e659ea250faa91a8d0a9388e5f3432f5edbbeabe68701daad7fc55a96473a",
                "sha256:4b17efa00c14ad76a8bbfe2e31803227709f5908f15a1bd7c7b7003218a9d2e3",
                "sha256:4fa15adfd665bc796bfa76b0b3157a28ecf28545bcf36a044ddb8dbb36e9c208",
                "sha256:5651db922d10f51a69f4248aaf748dbf06099a6d03e1c3ab793eea6bee827d28",
                "sha256:737ad466ac9de17f08d67b0b2d543312726b9ee8fb2172e61922642772fb3bff",
                "sha256:786efe76c1092d392f3b1620c2585b3e09bd6a15ed82262a0b003aac58389034",
                "sha256:79a1056a289576004a453069d3f716533629497f86fd816090dee0fd2b334b35",
                "sha256:88f771085e5f91f641af211fe41d5052a67d388adc43a6deb26d535e40cf1c78",
                "sha256:8bf6afc48c79597c58b0d01ce3bbf3769cb92f4c9bd4a903510afe574309ea4a",
                "sha256:e5f929b21c90cac257fd7e3d059a5a469a712408d66bb0502159c1fe41ab27ea",
                "sha256:eaa73a72adbba81f38147c5bebd34c0fed1813ce7cbaea60529b4c3db58ebff4",
                "sha256:eff4f9bfcb428900d93e084808e61a8b4faf8b2bdd8695bec629364e4a7dfe31",
                "sha256:fe64f1813251799665b15ca372b9bd1c10651fd5ceab9898caf65a3eeb6c1575"
            ],
            "version": "==0.15.94"
        },
        "six": {
            "hashes": [
                "sha256:3350809f0555b11f552448330d0b52d5f24c91a322ea4a15ef22629740f3761c",
                "sha256:d16a0141ec1a18405cd4ce8b4613101da75da0e9a7aec5bdd4fa804d0e0eba73"
            ],
            "version": "==1.12.0"
        },
        "snowballstemmer": {
            "hashes": [
                "sha256:919f26a68b2c17a7634da993d91339e288964f93c274f1343e3bbbe2096e1128",
                "sha256:9f3bcd3c401c3e862ec0ebe6d2c069ebc012ce142cce209c098ccb5b09136e89"
            ],
            "version": "==1.2.1"
        },
        "soupsieve": {
            "hashes": [
                "sha256:6898e82ecb03772a0d82bd0d0a10c0d6dcc342f77e0701d0ec4a8271be465ece",
                "sha256:b20eff5e564529711544066d7dc0f7661df41232ae263619dede5059799cdfca"
            ],
            "version": "==1.9.1"
        },
        "strictyaml": {
            "editable": true,
            "git": "https://github.com/woocart/strictyaml.git",
            "ref": "8963a53672a2031752d17bbd8a23f562bacd7728"
        },
        "structlog": {
            "hashes": [
                "sha256:5feae03167620824d3ae3e8915ea8589fc28d1ad6f3edf3cc90ed7c7cb33fab5",
                "sha256:db441b81c65b0f104a7ce5d86c5432be099956b98b8a2c8be0b3fb3a7a0b1536"
            ],
            "index": "pypi",
            "version": "==19.1.0"
        },
        "template-remover": {
            "hashes": [
                "sha256:480f1ce63f56affac1edb29356afcca1260e8409cd928fcf9438fc149df5ff41"
            ],
            "version": "==0.1.9"
        },
        "testfixtures": {
            "hashes": [
                "sha256:819e9090bf3cce5dfaf56817f55ede76b3ae490ad0e9ffe3060a6618d11894c3",
                "sha256:a6e95634a80bd6e5adc7e861729f4abd84433e91b4215d48a2098a096c0261b7"
            ],
            "version": "==6.8.2"
        },
        "toml": {
            "hashes": [
                "sha256:229f81c57791a41d65e399fc06bf0848bab550a9dfd5ed66df18ce5f05e73d5c",
                "sha256:235682dd292d5899d361a811df37e04a8828a5b1da3115886b73cf81ebc9100e"
            ],
            "version": "==0.10.0"
        },
        "typed-ast": {
            "hashes": [
                "sha256:132eae51d6ef3ff4a8c47c393a4ef5ebf0d1aecc96880eb5d6c8ceab7017cc9b",
                "sha256:18141c1484ab8784006c839be8b985cfc82a2e9725837b0ecfa0203f71c4e39d",
                "sha256:2baf617f5bbbfe73fd8846463f5aeafc912b5ee247f410700245d68525ec584a",
                "sha256:3d90063f2cbbe39177e9b4d888e45777012652d6110156845b828908c51ae462",
                "sha256:4304b2218b842d610aa1a1d87e1dc9559597969acc62ce717ee4dfeaa44d7eee",
                "sha256:4983ede548ffc3541bae49a82675996497348e55bafd1554dc4e4a5d6eda541a",
                "sha256:5315f4509c1476718a4825f45a203b82d7fdf2a6f5f0c8f166435975b1c9f7d4",
                "sha256:6cdfb1b49d5345f7c2b90d638822d16ba62dc82f7616e9b4caa10b72f3f16649",
                "sha256:7b325f12635598c604690efd7a0197d0b94b7d7778498e76e0710cd582fd1c7a",
                "sha256:8d3b0e3b8626615826f9a626548057c5275a9733512b137984a68ba1598d3d2f",
                "sha256:8f8631160c79f53081bd23446525db0bc4c5616f78d04021e6e434b286493fd7",
                "sha256:912de10965f3dc89da23936f1cc4ed60764f712e5fa603a09dd904f88c996760",
                "sha256:b010c07b975fe853c65d7bbe9d4ac62f1c69086750a574f6292597763781ba18",
                "sha256:c908c10505904c48081a5415a1e295d8403e353e0c14c42b6d67f8f97fae6616",
                "sha256:c94dd3807c0c0610f7c76f078119f4ea48235a953512752b9175f9f98f5ae2bd",
                "sha256:ce65dee7594a84c466e79d7fb7d3303e7295d16a83c22c7c4037071b059e2c21",
                "sha256:eaa9cfcb221a8a4c2889be6f93da141ac777eb8819f077e1d09fb12d00a09a93",
                "sha256:f3376bc31bad66d46d44b4e6522c5c21976bf9bca4ef5987bb2bf727f4506cbb",
                "sha256:f9202fa138544e13a4ec1a6792c35834250a85958fde1251b6a22e07d1260ae7"
            ],
            "version": "==1.3.5"
        },
        "urllib3": {
            "hashes": [
                "sha256:2393a695cd12afedd0dcb26fe5d50d0cf248e5a66f75dbd89a3d4eb333a61af4",
                "sha256:a637e5fae88995b256e3409dc4d52c2e2e0ba32c42a6365fee8bbd2238de3cfb"
            ],
            "version": "==1.24.3"
        },
        "virtualenv": {
            "hashes": [
                "sha256:15ee248d13e4001a691d9583948ad3947bcb8a289775102e4c4aa98a8b7a6d73",
                "sha256:bfc98bb9b42a3029ee41b96dc00a34c2f254cbf7716bec824477b2c82741a5c4"
            ],
            "version": "==16.5.0"
        },
        "zipp": {
            "hashes": [
                "sha256:46dfd547d9ccbf8bdc26ecea52818046bb28509f12bb6a0de1cd66ab06e9a9be",
                "sha256:d7ac25f895fb65bff937b381353c14eb1fa23d35f40abd72a5342cd57eb57fd1"
            ],
            "version": "==0.5.0"
        }
    },
    "develop": {
        "certifi": {
            "hashes": [
                "sha256:59b7658e26ca9c7339e00f8f4636cdfe59d34fa37b9b04f6f9e9926b3cece1a5",
                "sha256:b26104d6835d1f5e49452a26eb2ff87fe7090b89dfcaee5ea2212697e1e1d7ae"
            ],
            "version": "==2019.3.9"
        },
        "chardet": {
            "hashes": [
                "sha256:84ab92ed1c4d4f16916e05906b6b75a6c0fb5db821cc65e70cbd64a3e2a5eaae",
                "sha256:fc323ffcaeaed0e0a02bf4d117757b98aed530d9ed4531e3e15460124c106691"
            ],
            "version": "==3.0.4"
        },
        "idna": {
            "hashes": [
                "sha256:c357b3f628cf53ae2c4c05627ecc484553142ca23264e593d327bcde5e9c3407",
                "sha256:ea8b7f6188e6fa117537c3df7da9fc686d485087abf6ac197f9c46432f7e4a3c"
            ],
            "version": "==2.8"
        },
        "requests": {
            "hashes": [
                "sha256:502a824f31acdacb3a35b6690b5fbf0bc41d63a24a45c4004352b0242707598e",
                "sha256:7bf2a778576d825600030a110f3c0e3e8edc51dfaafe1c146e39a2027784957b"
            ],
            "index": "pypi",
            "version": "==2.21.0"
        },
        "six": {
            "hashes": [
                "sha256:3350809f0555b11f552448330d0b52d5f24c91a322ea4a15ef22629740f3761c",
                "sha256:d16a0141ec1a18405cd4ce8b4613101da75da0e9a7aec5bdd4fa804d0e0eba73"
            ],
            "version": "==1.12.0"
        },
        "structlog": {
            "hashes": [
                "sha256:5feae03167620824d3ae3e8915ea8589fc28d1ad6f3edf3cc90ed7c7cb33fab5",
                "sha256:db441b81c65b0f104a7ce5d86c5432be099956b98b8a2c8be0b3fb3a7a0b1536"
            ],
            "index": "pypi",
            "version": "==19.1.0"
        },
        "urllib3": {
            "hashes": [
                "sha256:2393a695cd12afedd0dcb26fe5d50d0cf248e5a66f75dbd89a3d4eb333a61af4",
                "sha256:a637e5fae88995b256e3409dc4d52c2e2e0ba32c42a6365fee8bbd2238de3cfb"
            ],
            "version": "==1.24.3"
        }
    }
}
