{
    "_meta": {
        "hash": {
            "sha256": "361ec66ec58a3525156d7923ff8e663650ad9c8bd2e4d474784f0773276a094b"
        },
        "pipfile-spec": 6,
        "requires": {
            "python_version": "3.7"
        },
        "sources": [
            {
                "name": "pypi",
                "url": "https://pypi.org/simple",
                "verify_ssl": true
            }
        ]
    },
    "default": {
        "appdirs": {
            "hashes": [
                "sha256:9e5896d1372858f8dd3344faf4e5014d21849c756c8d5701f78f8a103b372d92",
                "sha256:d8b24664561d0d34ddfaec54636d502d7cea6e29c3eaf68f3df6180863e2166e"
            ],
            "version": "==1.4.3"
        },
        "aspy.yaml": {
            "hashes": [
                "sha256:04d26279513618f1024e1aba46471db870b3b33aef204c2d09bcf93bea9ba13f",
                "sha256:0a77e23fafe7b242068ffc0252cee130d3e509040908fc678d9d1060e7494baa"
            ],
            "version": "==1.1.1"
        },
        "attrs": {
            "hashes": [
                "sha256:10cbf6e27dbce8c30807caf056c8eb50917e0eaafe86347671b57254006c3e69",
                "sha256:ca4be454458f9dec299268d472aaa5a11f67a4ff70093396e1ceae9c76cf4bbb"
            ],
            "version": "==18.2.0"
        },
        "beautifulsoup4": {
            "hashes": [
                "sha256:194ec62a25438adcb3fdb06378b26559eda1ea8a747367d34c33cef9c7f48d57",
                "sha256:90f8e61121d6ae58362ce3bed8cd997efb00c914eae0ff3d363c32f9a9822d10",
                "sha256:f0abd31228055d698bb392a826528ea08ebb9959e6bea17c606fd9c9009db938"
            ],
            "index": "pypi",
            "version": "==4.6.3"
        },
        "black": {
            "hashes": [
                "sha256:22158b89c1a6b4eb333a1e65e791a3f8b998cf3b11ae094adb2570f31f769a44",
                "sha256:4b475bbd528acce094c503a3d2dbc2d05a4075f6d0ef7d9e7514518e14cc5191"
            ],
            "index": "pypi",
            "version": "==18.6b4"
        },
        "cached-property": {
            "hashes": [
                "sha256:3a026f1a54135677e7da5ce819b0c690f156f37976f3e30c5430740725203d7f",
                "sha256:9217a59f14a5682da7c4b8829deadbfc194ac22e9908ccf7c8820234e80a1504"
            ],
            "version": "==1.5.1"
        },
        "certifi": {
            "hashes": [
                "sha256:339dc09518b07e2fa7eda5450740925974815557727d6bd35d319c1524a04a4c",
                "sha256:6d58c986d22b038c8c0df30d639f23a3e6d172a05c3583e766f4c0b785c0986a"
            ],
            "version": "==2018.10.15"
        },
        "cfgv": {
            "hashes": [
                "sha256:73f48a752bd7aab103c4b882d6596c6360b7aa63b34073dd2c35c7b4b8f93010",
                "sha256:d1791caa9ff5c0c7bce80e7ecc1921752a2eb7c2463a08ed9b6c96b85a2f75aa"
            ],
            "version": "==1.1.0"
        },
        "chardet": {
            "hashes": [
                "sha256:84ab92ed1c4d4f16916e05906b6b75a6c0fb5db821cc65e70cbd64a3e2a5eaae",
                "sha256:fc323ffcaeaed0e0a02bf4d117757b98aed530d9ed4531e3e15460124c106691"
            ],
            "version": "==3.0.4"
        },
        "click": {
            "hashes": [
                "sha256:2335065e6395b9e67ca716de5f7526736bfa6ceead690adf616d925bdc622b13",
                "sha256:5b94b49521f6456670fdb30cd82a4eca9412788a93fa6dd6df72c94d5a8ff2d7"
            ],
            "version": "==7.0"
        },
        "codespell": {
            "hashes": [
                "sha256:b1b60867773ffc5643a3724b62d12fe6797aa735831733f8a45f6d28db5ef34f"
            ],
            "index": "pypi",
            "version": "==1.14.0"
        },
        "docopt": {
            "hashes": [
                "sha256:49b3a825280bd66b3aa83585ef59c4a8c82f2c8a522dbe754a8bc8d08c85c491"
            ],
            "version": "==0.6.2"
        },
        "flake8": {
            "hashes": [
                "sha256:6a35f5b8761f45c5513e3405f110a86bea57982c3b75b766ce7b65217abe1670",
                "sha256:c01f8a3963b3571a8e6bd7a4063359aff90749e160778e03817cd9b71c9e07d2"
            ],
            "index": "pypi",
            "version": "==3.6.0"
        },
        "flake8-assertive": {
            "hashes": [
                "sha256:6894b1069560635a6dc48505c0f8bf9b189fc227862670258c9f687fdffc52f2",
                "sha256:ca51b155a968fb65193d8ddfce76250b809d379e7026b6ba819eb37bf04d5fe1"
            ],
            "index": "pypi",
            "version": "==1.0.1"
        },
        "flake8-blind-except": {
            "hashes": [
                "sha256:aca3356633825544cec51997260fe31a8f24a1a2795ce8e81696b9916745e599"
            ],
            "index": "pypi",
            "version": "==0.1.1"
        },
        "flake8-bugbear": {
            "hashes": [
                "sha256:07b6e769d7f4e168d590f7088eae40f6ddd9fa4952bed31602def65842682c83",
                "sha256:0ccf56975f4db1d69dc1cf3598c99d768ebf95d0cad27d76087954aa399b515a"
            ],
            "index": "pypi",
            "version": "==18.8.0"
        },
        "flake8-builtins": {
            "hashes": [
                "sha256:8d806360767947c0035feada4ddef3ede32f0a586ef457e62d811b8456ad9a51",
                "sha256:cd7b1b7fec4905386a3643b59f9ca8e305768da14a49a7efb31fe9364f33cd04"
            ],
            "index": "pypi",
            "version": "==1.4.1"
        },
        "flake8-comprehensions": {
            "hashes": [
                "sha256:b83891fec0e680b07aa1fd92e53eb6993be29a0f3673a09badbe8da307c445e0",
                "sha256:e4ccf1627f75f192eb7fde640f5edb81c98d04b1390df9d4145ffd7710bb1ef2"
            ],
            "index": "pypi",
            "version": "==1.4.1"
        },
        "flake8-debugger": {
            "hashes": [
                "sha256:be4fb88de3ee8f6dd5053a2d347e2c0a2b54bab6733a2280bb20ebd3c4ca1d97"
            ],
            "index": "pypi",
            "version": "==3.1.0"
        },
        "flake8-deprecated": {
            "hashes": [
                "sha256:211951854837ced9ec997a75c6e5b957f3536a735538ee0620b76539fd3706cd",
                "sha256:9fa5a0c5c81fb3b34c53a0e4f16cd3f0a3395078cfd4988011cbab5fb0afa7f7"
            ],
            "index": "pypi",
            "version": "==1.3"
        },
        "flake8-docstrings": {
            "hashes": [
                "sha256:4e0ce1476b64e6291520e5570cf12b05016dd4e8ae454b8a8a9a48bc5f84e1cd",
                "sha256:8436396b5ecad51a122a2c99ba26e5b4e623bf6e913b0fea0cb6c2c4050f91eb"
            ],
            "index": "pypi",
            "version": "==1.3.0"
        },
        "flake8-isort": {
            "hashes": [
                "sha256:298d7904ac3a46274edf4ce66fd7e272c2a60c34c3cc999dea000608d64e5e6e",
                "sha256:5992850626ce96547b1f1c7e8a7f0ef49ab2be44eca2177934566437b636fa3c"
            ],
            "index": "pypi",
            "version": "==2.5"
        },
        "flake8-mock": {
            "hashes": [
                "sha256:2fa775e7589f4e1ad74f35d60953eb20937f5d7355235e54bf852c6837f2bede"
            ],
            "index": "pypi",
            "version": "==0.3"
        },
        "flake8-mutable": {
            "hashes": [
                "sha256:38fd9dadcbcda6550a916197bc40ed76908119dabb37fbcca30873666c31d2d5",
                "sha256:ee9b77111b867d845177bbc289d87d541445ffcc6029a0c5c65865b42b18c6a6"
            ],
            "index": "pypi",
            "version": "==1.2.0"
        },
        "flake8-plone-hasattr": {
            "hashes": [
                "sha256:cfabd900e3ac68c47f46e4fa82e5db23463ceb954fc91e2a3b209f3c810e0c3f",
                "sha256:f72ef91a47de847f80749a3668aad89fb23f0e6dcf93a1100b0e909b9e378ec6"
            ],
            "index": "pypi",
            "version": "==0.2.post0"
        },
        "flake8-polyfill": {
            "hashes": [
                "sha256:12be6a34ee3ab795b19ca73505e7b55826d5f6ad7230d31b18e106400169b9e9",
                "sha256:e44b087597f6da52ec6393a709e7108b2905317d0c0b744cdca6208e670d8eda"
            ],
            "version": "==1.0.2"
        },
        "flake8-self": {
            "hashes": [
                "sha256:9268faf434c7a132beec28574d9e9258f2040a886530aff31e5c8a2436904df2"
            ],
            "index": "pypi",
            "version": "==0.2.2"
        },
        "flake8-super-call": {
            "hashes": [
                "sha256:0486ebfb24e3bf104b1c1d7f823a51ebcefb3a26108b25cb3129a9e8a57ef145",
                "sha256:61cfcd0c8ad78e1cf1f4d1225cb7513666ab9c5a9900a238b2c4abee8ad9a7de"
            ],
            "index": "pypi",
            "version": "==1.0.0"
        },
        "flake8-tuple": {
            "hashes": [
                "sha256:152f8f750b64e83f8ebd204e02e603028ac30447b19cd9e3b46d344c2c172ca1"
            ],
            "index": "pypi",
            "version": "==0.2.13"
        },
        "html-linter": {
            "hashes": [
                "sha256:342dad677f2fc810a2562fde0959046ed0d8fa1387bd9e085869e908c1941191"
            ],
            "index": "pypi",
            "version": "==0.4.0"
        },
        "identify": {
            "hashes": [
                "sha256:5e956558a9a1e3b3891d7c6609fc9709657a11878af288ace484d1a46a93922b",
                "sha256:623086059219cc7b86c77a3891f3700cb175d4ce02b8fb8802b047301d71e783"
            ],
            "version": "==1.1.7"
        },
        "idna": {
            "hashes": [
                "sha256:156a6814fb5ac1fc6850fb002e0852d56c0c8d2531923a51032d1b70760e186e",
                "sha256:684a38a6f903c1d71d6d5fac066b58d7768af4de2b832e426ec79c30daa94a16"
            ],
            "version": "==2.7"
        },
        "importlib-metadata": {
            "hashes": [
                "sha256:36b02c84f9001adf65209fefdf951be8e9014a95eab9938c0779ad5670359b1c",
                "sha256:60b6481a72908c93ccb707abeb926fb5a15319b9e6f0b76639a718837ee12de0"
            ],
            "version": "==0.6"
        },
        "isort": {
            "hashes": [
                "sha256:1153601da39a25b14ddc54955dbbacbb6b2d19135386699e2ad58517953b34af",
                "sha256:b9c40e9750f3d77e6e4d441d8b0266cf555e7cdabdcff33c4fd06366ca761ef8",
                "sha256:ec9ef8f4a9bc6f71eec99e1806bfa2de401650d996c59330782b89a5555c1497"
            ],
            "version": "==4.3.4"
        },
        "mccabe": {
            "hashes": [
                "sha256:ab8a6258860da4b6677da4bd2fe5dc2c659cff31b3ee4f7f5d64e79735b80d42",
                "sha256:dd8d182285a0fe56bace7f45b5e7d1a6ebcbf524e8f3bd87eb0f125271b8831f"
            ],
            "version": "==0.6.1"
        },
        "mypy": {
            "hashes": [
                "sha256:8e071ec32cc226e948a34bbb3d196eb0fd96f3ac69b6843a5aff9bd4efa14455",
                "sha256:fb90c804b84cfd8133d3ddfbd630252694d11ccc1eb0166a1b2efb5da37ecab2"
            ],
            "index": "pypi",
            "version": "==0.641"
        },
        "mypy-extensions": {
            "hashes": [
                "sha256:37e0e956f41369209a3d5f34580150bcacfabaa57b33a15c0b25f4b5725e0812",
                "sha256:b16cabe759f55e3409a7d231ebd2841378fb0c27a5d1994719e340e4f429ac3e"
            ],
            "version": "==0.4.1"
        },
        "nodeenv": {
            "hashes": [
                "sha256:ad8259494cf1c9034539f6cced78a1da4840a4b157e23640bc4a0c0546b0cb7a"
            ],
            "version": "==1.3.3"
        },
        "pre-commit": {
            "hashes": [
                "sha256:7542bd8ae1c58745175ea0a9295964ee82a10f7e18c4344f5e4c02bd85d02561",
                "sha256:87f687da6a2651d5067cfec95b854b004e95b70143cbf2369604bb3acbce25ec"
            ],
            "index": "pypi",
            "version": "==1.12.0"
        },
        "pre-commit-hooks": {
            "hashes": [
                "sha256:1065eaf211ede746ff491d2040be3b973da226c04b23628c8e9c70bf5eb603b3",
                "sha256:380915dc21eeb47b9cdc107fb376c04529345fbf62fb146fe5a0553dad5d9262"
            ],
            "index": "pypi",
            "version": "==2.0.0"
        },
        "pycodestyle": {
            "hashes": [
                "sha256:cbc619d09254895b0d12c2c691e237b2e91e9b2ecf5e84c26b35400f93dcfb83",
                "sha256:cbfca99bd594a10f674d0cd97a3d802a1fdef635d4361e1a2658de47ed261e3a"
            ],
            "version": "==2.4.0"
        },
        "pydocstyle": {
            "hashes": [
                "sha256:2258f9b0df68b97bf3a6c29003edc5238ff8879f1efb6f1999988d934e432bd8",
                "sha256:5741c85e408f9e0ddf873611085e819b809fca90b619f5fd7f34bd4959da3dd4",
                "sha256:ed79d4ec5e92655eccc21eb0c6cf512e69512b4a97d215ace46d17e4990f2039"
            ],
            "version": "==3.0.0"
        },
        "pyflakes": {
            "hashes": [
                "sha256:9a7662ec724d0120012f6e29d6248ae3727d821bba522a0e6b356eff19126a49",
                "sha256:f661252913bc1dbe7fcfcbf0af0db3f42ab65aabd1a6ca68fe5d466bace94dae"
            ],
            "version": "==2.0.0"
        },
        "python-dateutil": {
            "hashes": [
                "sha256:063df5763652e21de43de7d9e00ccf239f953a832941e37be541614732cdfc93",
                "sha256:88f9287c0174266bb0d8cedd395cfba9c58e87e5ad86b2ce58859bc11be3cf02"
            ],
            "version": "==2.7.5"
        },
        "pyyaml": {
            "hashes": [
                "sha256:3d7da3009c0f3e783b2c873687652d83b1bbfd5c88e9813fb7e5b03c0dd3108b",
                "sha256:3ef3092145e9b70e3ddd2c7ad59bdd0252a94dfe3949721633e41344de00a6bf",
                "sha256:40c71b8e076d0550b2e6380bada1f1cd1017b882f7e16f09a65be98e017f211a",
                "sha256:558dd60b890ba8fd982e05941927a3911dc409a63dcb8b634feaa0cda69330d3",
                "sha256:a7c28b45d9f99102fa092bb213aa12e0aaf9a6a1f5e395d36166639c1f96c3a1",
                "sha256:aa7dd4a6a427aed7df6fb7f08a580d68d9b118d90310374716ae90b710280af1",
                "sha256:bc558586e6045763782014934bfaf39d48b8ae85a2713117d16c39864085c613",
                "sha256:d46d7982b62e0729ad0175a9bc7e10a566fc07b224d2c79fafb5e032727eaa04",
                "sha256:d5eef459e30b09f5a098b9cea68bebfeb268697f78d647bd255a085371ac7f3f",
                "sha256:e01d3203230e1786cd91ccfdc8f8454c8069c91bee3962ad93b87a4b2860f537",
                "sha256:e170a9e6fcfd19021dd29845af83bb79236068bf5fd4df3327c1be18182b2531"
            ],
            "version": "==3.13"
        },
        "requests": {
            "hashes": [
                "sha256:65b3a120e4329e33c9889db89c80976c5272f56ea92d3e74da8a463992e3ff54",
                "sha256:ea881206e59f41dbd0bd445437d792e43906703fff75ca8ff43ccdb11f33f263"
            ],
            "index": "pypi",
            "version": "==2.20.1"
        },
        "ruamel.yaml": {
            "hashes": [
                "sha256:05fe6ac4276b5b5dadb7b11da219e0e813997d36c5ce8bd842cbb89e0b2ad42f",
                "sha256:06e1d5ef661d5e571816f073f276b88a2f067c9e57814bdb5e3f7044e879f170",
                "sha256:0cd1f0da11c31160b9d568d5643a02ffadb80aa4c1f4eb1ba8ef086d3d2adeda",
                "sha256:2bd597398f6b1cc5198ee7c42c21b3fb0f3ba388ce4ee68047099862d094e230",
                "sha256:427fa38695ce5b2da33d156cf035cfe4ad0cf2d50c7b41b7fbf73ed11f09b0ff",
                "sha256:43215816aef718ea0c07dfae175dcf43610051c4dfd8f760a477f0e991100d20",
                "sha256:45c334d9089ab0d94298b60b54ad840ce17b13940acb802cce8416adf736f40a",
                "sha256:802f1d68b428893222bc05f1496315ce317b6aa32751b4f10cac373002f8e284",
                "sha256:85fd8938e3c1c97a5382b7c5724696cbac6c5ffe4dc831050c92a91ce9d2f69b",
                "sha256:869823f05fc33a82947671aa0c78deb52088b1cbfb257c682a73636b9c3a1548",
                "sha256:92953f93939f16bcdf4fb726b0fe1a430a77aeb4f46a3833ac75ed5e3047fcba",
                "sha256:97687442059da8d31adf8b51f9d07997b550e6ba55a6890f736533c07f6398ed",
                "sha256:98f2cfc22d6e3ca4a1dc05a5fb93ade09ce3b1f21690d01ab3695eabc8b15c04",
                "sha256:9d9efa0406d1cfb5c1daa38ff19f98af93aeffb31853ce8fe5a904c261755df2",
                "sha256:aa19db7cc000c863f7f887a9d2268aafe4e04e4767befc63cab58f1de7ec1fd6",
                "sha256:ac760598a477dba8279a011993d197d43414964ca11bdce538c72e998b814b83",
                "sha256:c13647d14ed0fcb26567bae1d7feb029464fa1e3f9bc0290f1e29c5ea8d0c9c6",
                "sha256:d28216a8619cff616f5c98452291d57761650a41a454651be4e547fd63efe361",
                "sha256:d69a31c5d1e8c85135a032642da41037abe8fce15f5999a411a9ebedbfe5ef3c",
                "sha256:dab722c99a724a40a7e6dc9e36bde91d8298d8158d68b653718ad19aa5579314",
                "sha256:dac8b7dc880e4ede50299e77f4cc4e3ee682db5162e7a46d817f9f948cf718ba",
                "sha256:f065548d0834bc6a994e3e6de58cc82d8bdbd73e47b8a9f0e340780de48f6f13"
            ],
            "version": "==0.15.77"
        },
        "six": {
            "hashes": [
                "sha256:70e8a77beed4562e7f14fe23a786b54f6296e34344c23bc42f07b15018ff98e9",
                "sha256:832dc0e10feb1aa2c68dcc57dbb658f1c7e65b9b61af69048abc87a2db00a0eb"
            ],
            "version": "==1.11.0"
        },
        "snowballstemmer": {
            "hashes": [
                "sha256:919f26a68b2c17a7634da993d91339e288964f93c274f1343e3bbbe2096e1128",
                "sha256:9f3bcd3c401c3e862ec0ebe6d2c069ebc012ce142cce209c098ccb5b09136e89"
            ],
            "version": "==1.2.1"
        },
        "strictyaml": {
            "editable": true,
            "git": "https://github.com/woocart/strictyaml.git",
            "ref": "8963a53672a2031752d17bbd8a23f562bacd7728"
        },
        "structlog": {
            "hashes": [
                "sha256:e361edb3b9aeaa85cd38a1bc9ddbb60cda8a991fc29de9db26832f6300e81eb4",
                "sha256:e912c03a3cf6876803c3f1b1e4b09dd4b9e4bcd0977586cb59cf538351ba6b1b"
            ],
            "index": "pypi",
            "version": "==18.2.0"
        },
        "template-remover": {
            "hashes": [
                "sha256:480f1ce63f56affac1edb29356afcca1260e8409cd928fcf9438fc149df5ff41"
            ],
            "version": "==0.1.9"
        },
        "testfixtures": {
            "hashes": [
                "sha256:334497d26344e8c0c5d01b4d785a1c83464573151e6a5f7ab250eb7981d452ec",
                "sha256:53c06c1feb0bf378d63c54d1d96858978422d5a34793b39f0dcb0e44f8ec26f4"
            ],
            "version": "==6.3.0"
        },
        "toml": {
            "hashes": [
                "sha256:229f81c57791a41d65e399fc06bf0848bab550a9dfd5ed66df18ce5f05e73d5c",
                "sha256:235682dd292d5899d361a811df37e04a8828a5b1da3115886b73cf81ebc9100e"
            ],
            "version": "==0.10.0"
        },
        "typed-ast": {
            "hashes": [
                "sha256:0948004fa228ae071054f5208840a1e88747a357ec1101c17217bfe99b299d58",
                "sha256:10703d3cec8dcd9eef5a630a04056bbc898abc19bac5691612acba7d1325b66d",
                "sha256:1f6c4bd0bdc0f14246fd41262df7dfc018d65bb05f6e16390b7ea26ca454a291",
                "sha256:25d8feefe27eb0303b73545416b13d108c6067b846b543738a25ff304824ed9a",
                "sha256:29464a177d56e4e055b5f7b629935af7f49c196be47528cc94e0a7bf83fbc2b9",
                "sha256:2e214b72168ea0275efd6c884b114ab42e316de3ffa125b267e732ed2abda892",
                "sha256:3e0d5e48e3a23e9a4d1a9f698e32a542a4a288c871d33ed8df1b092a40f3a0f9",
                "sha256:519425deca5c2b2bdac49f77b2c5625781abbaf9a809d727d3a5596b30bb4ded",
                "sha256:57fe287f0cdd9ceaf69e7b71a2e94a24b5d268b35df251a88fef5cc241bf73aa",
                "sha256:668d0cec391d9aed1c6a388b0d5b97cd22e6073eaa5fbaa6d2946603b4871efe",
                "sha256:68ba70684990f59497680ff90d18e756a47bf4863c604098f10de9716b2c0bdd",
                "sha256:6de012d2b166fe7a4cdf505eee3aaa12192f7ba365beeefaca4ec10e31241a85",
                "sha256:79b91ebe5a28d349b6d0d323023350133e927b4de5b651a8aa2db69c761420c6",
                "sha256:8550177fa5d4c1f09b5e5f524411c44633c80ec69b24e0e98906dd761941ca46",
                "sha256:898f818399cafcdb93cbbe15fc83a33d05f18e29fb498ddc09b0214cdfc7cd51",
                "sha256:94b091dc0f19291adcb279a108f5d38de2430411068b219f41b343c03b28fb1f",
                "sha256:a26863198902cda15ab4503991e8cf1ca874219e0118cbf07c126bce7c4db129",
                "sha256:a8034021801bc0440f2e027c354b4eafd95891b573e12ff0418dec385c76785c",
                "sha256:bc978ac17468fe868ee589c795d06777f75496b1ed576d308002c8a5756fb9ea",
                "sha256:c05b41bc1deade9f90ddc5d988fe506208019ebba9f2578c622516fd201f5863",
                "sha256:c9b060bd1e5a26ab6e8267fd46fc9e02b54eb15fffb16d112d4c7b1c12987559",
                "sha256:edb04bdd45bfd76c8292c4d9654568efaedf76fe78eb246dde69bdb13b2dad87",
                "sha256:f19f2a4f547505fe9072e15f6f4ae714af51b5a681a97f187971f50c283193b6"
            ],
            "version": "==1.1.0"
        },
        "urllib3": {
            "hashes": [
                "sha256:61bf29cada3fc2fbefad4fdf059ea4bd1b4a86d2b6d15e1c7c0b582b9752fe39",
                "sha256:de9529817c93f27c8ccbfead6985011db27bd0ddfcdb2d86f3f663385c6a9c22"
            ],
            "version": "==1.24.1"
        },
        "virtualenv": {
            "hashes": [
                "sha256:686176c23a538ecc56d27ed9d5217abd34644823d6391cbeb232f42bf722baad",
                "sha256:f899fafcd92e1150f40c8215328be38ff24b519cd95357fa6e78e006c7638208"
            ],
            "version": "==16.1.0"
        }
    },
    "develop": {
        "certifi": {
            "hashes": [
                "sha256:339dc09518b07e2fa7eda5450740925974815557727d6bd35d319c1524a04a4c",
                "sha256:6d58c986d22b038c8c0df30d639f23a3e6d172a05c3583e766f4c0b785c0986a"
            ],
            "version": "==2018.10.15"
        },
        "chardet": {
            "hashes": [
                "sha256:84ab92ed1c4d4f16916e05906b6b75a6c0fb5db821cc65e70cbd64a3e2a5eaae",
                "sha256:fc323ffcaeaed0e0a02bf4d117757b98aed530d9ed4531e3e15460124c106691"
            ],
            "version": "==3.0.4"
        },
        "idna": {
            "hashes": [
                "sha256:156a6814fb5ac1fc6850fb002e0852d56c0c8d2531923a51032d1b70760e186e",
                "sha256:684a38a6f903c1d71d6d5fac066b58d7768af4de2b832e426ec79c30daa94a16"
            ],
            "version": "==2.7"
        },
        "requests": {
            "hashes": [
                "sha256:65b3a120e4329e33c9889db89c80976c5272f56ea92d3e74da8a463992e3ff54",
                "sha256:ea881206e59f41dbd0bd445437d792e43906703fff75ca8ff43ccdb11f33f263"
            ],
            "index": "pypi",
            "version": "==2.20.1"
        },
        "six": {
            "hashes": [
                "sha256:70e8a77beed4562e7f14fe23a786b54f6296e34344c23bc42f07b15018ff98e9",
                "sha256:832dc0e10feb1aa2c68dcc57dbb658f1c7e65b9b61af69048abc87a2db00a0eb"
            ],
            "version": "==1.11.0"
        },
        "structlog": {
            "hashes": [
                "sha256:e361edb3b9aeaa85cd38a1bc9ddbb60cda8a991fc29de9db26832f6300e81eb4",
                "sha256:e912c03a3cf6876803c3f1b1e4b09dd4b9e4bcd0977586cb59cf538351ba6b1b"
            ],
            "index": "pypi",
            "version": "==18.2.0"
        },
        "urllib3": {
            "hashes": [
                "sha256:61bf29cada3fc2fbefad4fdf059ea4bd1b4a86d2b6d15e1c7c0b582b9752fe39",
                "sha256:de9529817c93f27c8ccbfead6985011db27bd0ddfcdb2d86f3f663385c6a9c22"
            ],
            "version": "==1.24.1"
        }
    }
}
